
Microsoft Visual Studio Solution File, Format Version 12.00
# Visual Studio 15
VisualStudioVersion = 15.0.28307.136
MinimumVisualStudioVersion = 10.0.40219.1
Project("{FAE04EC0-301F-11D3-BF4B-00C04F79EFBC}") = "Microgroove", "Microgroove\Microgroove.csproj", "{69F36E7E-3B06-4079-A762-4D84CA7F8593}"
EndProject
Global
	GlobalSection(SolutionConfigurationPlatforms) = preSolution
		Debug|Any CPU = Debug|Any CPU
		Release|Any CPU = Release|Any CPU
	EndGlobalSection
	GlobalSection(ProjectConfigurationPlatforms) = postSolution
		{69F36E7E-3B06-4079-A762-4D84CA7F8593}.Debug|Any CPU.ActiveCfg = Debug|Any CPU
		{69F36E7E-3B06-4079-A762-4D84CA7F8593}.Debug|Any CPU.Build.0 = Debug|Any CPU
		{69F36E7E-3B06-4079-A762-4D84CA7F8593}.Release|Any CPU.ActiveCfg = Release|Any CPU
		{69F36E7E-3B06-4079-A762-4D84CA7F8593}.Release|Any CPU.Build.0 = Release|Any CPU
	EndGlobalSection
	GlobalSection(SolutionProperties) = preSolution
		HideSolutionNode = FALSE
	EndGlobalSection
	GlobalSection(ExtensibilityGlobals) = postSolution
		SolutionGuid = {044F4312-0F61-48D1-A4C4-907A346121FC}
	EndGlobalSection
EndGlobal
